# This file was autogenerated by Stack.
# You should not edit this file by hand.
# For more information, please see the documentation at:
#   https://docs.haskellstack.org/en/stable/lock_files

packages:
- completed:
    hackage: pandoc-sidenote-0.23.0.0@sha256:11b3a4d28fb3d40e38fbd671589aa65da7493c0dfec52fd32f2dd34eed82e021,1643
    pantry-tree:
      sha256: 400b3ae0571f9ec9c2643b5d72f3caf31982752ab5988a5364e87c79a371a4ee
      size: 322
  original:
    hackage: pandoc-sidenote-0.23.0.0
snapshots:
- completed:
    sha256: a81fb3877c4f9031e1325eb3935122e608d80715dc16b586eb11ddbff8671ecd
    size: 640086
    url: https://raw.githubusercontent.com/commercialhaskell/stackage-snapshots/master/lts/21/25.yaml
  original:
    url: https://raw.githubusercontent.com/commercialhaskell/stackage-snapshots/master/lts/21/25.yaml
