# This file was autogenerated by Stack.
# You should not edit this file by hand.
# For more information, please see the documentation at:
#   https://docs.haskellstack.org/en/stable/lock_files

packages:
- completed:
    hackage: pandoc-sidenote-0.22.1.0@sha256:44a4e9db8dcbd93fdc8b1a6e038b4d6402cace3b5f1bd3532ebd7e4e3ed0f2a2,1732
    pantry-tree:
      sha256: 836d587c85e9c1d37ca25e7d8fb29f460447bae9d75b400f7fa1f080ad3f2003
      size: 322
  original:
    hackage: pandoc-sidenote-0.22.1.0
- completed:
    hackage: hakyll-4.15.1.1@sha256:707990cc15bcc9637519dbb3382dfa790f20191a86e988dab2824f5f6bc7ed87,9962
    pantry-tree:
      sha256: f61b63725d954d7feea4dc0697771a112c89018c7295c8ee5858f72fcdd384f6
      size: 8861
  original:
    hackage: hakyll-4.15.1.1
snapshots:
- completed:
    sha256: a95a93bcb7132bf5f8ad3356998e223947852f57d4da63e0e145870ea90d9d18
    size: 619170
    url: https://raw.githubusercontent.com/commercialhaskell/stackage-snapshots/master/lts/19/19.yaml
  original: lts-19.19
